
Microsoft Visual Studio Solution File, Format Version 12.00
# Visual Studio Version 16
VisualStudioVersion = 16.0.31729.503
MinimumVisualStudioVersion = 10.0.40219.1
Project("{FAE04EC0-301F-11D3-BF4B-00C04F79EFBC}") = "zav6)1)", "zav6)1).csproj", "{42F16373-355F-4C19-8EFD-44678738CAD1}"
EndProject
Global
	GlobalSection(SolutionConfigurationPlatforms) = preSolution
		Debug|Any CPU = Debug|Any CPU
		Release|Any CPU = Release|Any CPU
	EndGlobalSection
	GlobalSection(ProjectConfigurationPlatforms) = postSolution
		{42F16373-355F-4C19-8EFD-44678738CAD1}.Debug|Any CPU.ActiveCfg = Debug|Any CPU
		{42F16373-355F-4C19-8EFD-44678738CAD1}.Debug|Any CPU.Build.0 = Debug|Any CPU
		{42F16373-355F-4C19-8EFD-44678738CAD1}.Release|Any CPU.ActiveCfg = Release|Any CPU
		{42F16373-355F-4C19-8EFD-44678738CAD1}.Release|Any CPU.Build.0 = Release|Any CPU
	EndGlobalSection
	GlobalSection(SolutionProperties) = preSolution
		HideSolutionNode = FALSE
	EndGlobalSection
	GlobalSection(ExtensibilityGlobals) = postSolution
		SolutionGuid = {E4819832-77BB-4976-AD2D-1EA9B67E3D7F}
	EndGlobalSection
EndGlobal
